
Microsoft Visual Studio Solution File, Format Version 12.00
# Visual Studio 15
VisualStudioVersion = 15.0.28307.168
MinimumVisualStudioVersion = 10.0.40219.1
Project("{9A19103F-16F7-4668-BE54-9A1E7A4F7556}") = "AmplyfiDataset", "AmplyfiDataset\AmplyfiDataset.csproj", "{FE153AB9-CDBC-477A-9C61-6468427ABE8B}"
EndProject
Project("{FAE04EC0-301F-11D3-BF4B-00C04F79EFBC}") = "AmplyfiDataset.BusinessLogic", "AmplyfiDataset.BusinessLogic\AmplyfiDataset.BusinessLogic.csproj", "{19730665-ADFF-4BB2-B155-D48A70CA92DF}"
EndProject
Global
	GlobalSection(SolutionConfigurationPlatforms) = preSolution
		Debug|Any CPU = Debug|Any CPU
		Release|Any CPU = Release|Any CPU
	EndGlobalSection
	GlobalSection(ProjectConfigurationPlatforms) = postSolution
		{FE153AB9-CDBC-477A-9C61-6468427ABE8B}.Debug|Any CPU.ActiveCfg = Debug|Any CPU
		{FE153AB9-CDBC-477A-9C61-6468427ABE8B}.Debug|Any CPU.Build.0 = Debug|Any CPU
		{FE153AB9-CDBC-477A-9C61-6468427ABE8B}.Release|Any CPU.ActiveCfg = Release|Any CPU
		{FE153AB9-CDBC-477A-9C61-6468427ABE8B}.Release|Any CPU.Build.0 = Release|Any CPU
		{19730665-ADFF-4BB2-B155-D48A70CA92DF}.Debug|Any CPU.ActiveCfg = Debug|Any CPU
		{19730665-ADFF-4BB2-B155-D48A70CA92DF}.Debug|Any CPU.Build.0 = Debug|Any CPU
		{19730665-ADFF-4BB2-B155-D48A70CA92DF}.Release|Any CPU.ActiveCfg = Release|Any CPU
		{19730665-ADFF-4BB2-B155-D48A70CA92DF}.Release|Any CPU.Build.0 = Release|Any CPU
	EndGlobalSection
	GlobalSection(SolutionProperties) = preSolution
		HideSolutionNode = FALSE
	EndGlobalSection
	GlobalSection(ExtensibilityGlobals) = postSolution
		SolutionGuid = {66E76823-157E-4F4E-B8C6-744893E5858B}
	EndGlobalSection
EndGlobal
