
Microsoft Visual Studio Solution File, Format Version 12.00
# Visual Studio 15
VisualStudioVersion = 15.0.28307.168
MinimumVisualStudioVersion = 10.0.40219.1
Project("{9A19103F-16F7-4668-BE54-9A1E7A4F7556}") = "DatasetElastic", "DatasetElastic\DatasetElastic.csproj", "{FE153AB9-CDBC-477A-9C61-6468427ABE8B}"
EndProject
Project("{FAE04EC0-301F-11D3-BF4B-00C04F79EFBC}") = "DatasetElastic.BusinessLogic", "DatasetElastic.BusinessLogic\DatasetElastic.BusinessLogic.csproj", "{19730665-ADFF-4BB2-B155-D48A70CA92DF}"
EndProject
Project("{FAE04EC0-301F-11D3-BF4B-00C04F79EFBC}") = "DatasetElastic.ElasticsearchWrapper", "DatasetElastic.ElasticsearchWrapper\DatasetElastic.ElasticsearchWrapper.csproj", "{71FB3B1E-8B78-4BE1-9F84-0DC3C8836108}"
EndProject
Project("{FAE04EC0-301F-11D3-BF4B-00C04F79EFBC}") = "DatasetElastic.Entities", "DatasetElastic.Entities\DatasetElastic.Entities.csproj", "{840A74EF-4E61-4244-BE20-D5BFA26D4420}"
EndProject
Global
	GlobalSection(SolutionConfigurationPlatforms) = preSolution
		Debug|Any CPU = Debug|Any CPU
		Release|Any CPU = Release|Any CPU
	EndGlobalSection
	GlobalSection(ProjectConfigurationPlatforms) = postSolution
		{FE153AB9-CDBC-477A-9C61-6468427ABE8B}.Debug|Any CPU.ActiveCfg = Debug|Any CPU
		{FE153AB9-CDBC-477A-9C61-6468427ABE8B}.Debug|Any CPU.Build.0 = Debug|Any CPU
		{FE153AB9-CDBC-477A-9C61-6468427ABE8B}.Release|Any CPU.ActiveCfg = Release|Any CPU
		{FE153AB9-CDBC-477A-9C61-6468427ABE8B}.Release|Any CPU.Build.0 = Release|Any CPU
		{19730665-ADFF-4BB2-B155-D48A70CA92DF}.Debug|Any CPU.ActiveCfg = Debug|Any CPU
		{19730665-ADFF-4BB2-B155-D48A70CA92DF}.Debug|Any CPU.Build.0 = Debug|Any CPU
		{19730665-ADFF-4BB2-B155-D48A70CA92DF}.Release|Any CPU.ActiveCfg = Release|Any CPU
		{19730665-ADFF-4BB2-B155-D48A70CA92DF}.Release|Any CPU.Build.0 = Release|Any CPU
		{71FB3B1E-8B78-4BE1-9F84-0DC3C8836108}.Debug|Any CPU.ActiveCfg = Debug|Any CPU
		{71FB3B1E-8B78-4BE1-9F84-0DC3C8836108}.Debug|Any CPU.Build.0 = Debug|Any CPU
		{71FB3B1E-8B78-4BE1-9F84-0DC3C8836108}.Release|Any CPU.ActiveCfg = Release|Any CPU
		{71FB3B1E-8B78-4BE1-9F84-0DC3C8836108}.Release|Any CPU.Build.0 = Release|Any CPU
		{840A74EF-4E61-4244-BE20-D5BFA26D4420}.Debug|Any CPU.ActiveCfg = Debug|Any CPU
		{840A74EF-4E61-4244-BE20-D5BFA26D4420}.Debug|Any CPU.Build.0 = Debug|Any CPU
		{840A74EF-4E61-4244-BE20-D5BFA26D4420}.Release|Any CPU.ActiveCfg = Release|Any CPU
		{840A74EF-4E61-4244-BE20-D5BFA26D4420}.Release|Any CPU.Build.0 = Release|Any CPU
	EndGlobalSection
	GlobalSection(SolutionProperties) = preSolution
		HideSolutionNode = FALSE
	EndGlobalSection
	GlobalSection(ExtensibilityGlobals) = postSolution
		SolutionGuid = {66E76823-157E-4F4E-B8C6-744893E5858B}
	EndGlobalSection
EndGlobal
